
Microsoft Visual Studio Solution File, Format Version 12.00
# Visual Studio Version 17
VisualStudioVersion = 17.4.33213.308
MinimumVisualStudioVersion = 10.0.40219.1
Project("{FAE04EC0-301F-11D3-BF4B-00C04F79EFBC}") = "CSVCleaner", "CSVCleaner.csproj", "{CF3D1286-7D31-42C9-88D6-1A19BF64F841}"
EndProject
Global
	GlobalSection(SolutionConfigurationPlatforms) = preSolution
		Debug|Any CPU = Debug|Any CPU
		Release|Any CPU = Release|Any CPU
	EndGlobalSection
	GlobalSection(ProjectConfigurationPlatforms) = postSolution
		{CF3D1286-7D31-42C9-88D6-1A19BF64F841}.Debug|Any CPU.ActiveCfg = Debug|Any CPU
		{CF3D1286-7D31-42C9-88D6-1A19BF64F841}.Debug|Any CPU.Build.0 = Debug|Any CPU
		{CF3D1286-7D31-42C9-88D6-1A19BF64F841}.Release|Any CPU.ActiveCfg = Release|Any CPU
		{CF3D1286-7D31-42C9-88D6-1A19BF64F841}.Release|Any CPU.Build.0 = Release|Any CPU
	EndGlobalSection
	GlobalSection(SolutionProperties) = preSolution
		HideSolutionNode = FALSE
	EndGlobalSection
	GlobalSection(ExtensibilityGlobals) = postSolution
		SolutionGuid = {8CA3B13B-8DA9-4D1A-959E-71E4B9F440F1}
	EndGlobalSection
EndGlobal
